
Microsoft Visual Studio Solution File, Format Version 12.00
# Visual Studio 15
VisualStudioVersion = 15.0.27428.2027
MinimumVisualStudioVersion = 10.0.40219.1
Project("{FAE04EC0-301F-11D3-BF4B-00C04F79EFBC}") = "Sum_square_difference", "Sum_square_difference\Sum_square_difference.csproj", "{398FF570-E1FB-4649-A2A9-8E9CB0021102}"
EndProject
Global
	GlobalSection(SolutionConfigurationPlatforms) = preSolution
		Debug|Any CPU = Debug|Any CPU
		Release|Any CPU = Release|Any CPU
	EndGlobalSection
	GlobalSection(ProjectConfigurationPlatforms) = postSolution
		{398FF570-E1FB-4649-A2A9-8E9CB0021102}.Debug|Any CPU.ActiveCfg = Debug|Any CPU
		{398FF570-E1FB-4649-A2A9-8E9CB0021102}.Debug|Any CPU.Build.0 = Debug|Any CPU
		{398FF570-E1FB-4649-A2A9-8E9CB0021102}.Release|Any CPU.ActiveCfg = Release|Any CPU
		{398FF570-E1FB-4649-A2A9-8E9CB0021102}.Release|Any CPU.Build.0 = Release|Any CPU
	EndGlobalSection
	GlobalSection(SolutionProperties) = preSolution
		HideSolutionNode = FALSE
	EndGlobalSection
	GlobalSection(ExtensibilityGlobals) = postSolution
		SolutionGuid = {36C81CA6-9A4B-4205-A542-4C45AA3F1545}
	EndGlobalSection
EndGlobal
