
Microsoft Visual Studio Solution File, Format Version 12.00
# Visual Studio 15
VisualStudioVersion = 15.0.27428.2037
MinimumVisualStudioVersion = 10.0.40219.1
Project("{FAE04EC0-301F-11D3-BF4B-00C04F79EFBC}") = "Largest_product_in_a_series", "Largest_product_in_a_series\Largest_product_in_a_series.csproj", "{1BA8F3AA-4B80-4C7A-A2AC-9AEDB0B298B0}"
EndProject
Global
	GlobalSection(SolutionConfigurationPlatforms) = preSolution
		Debug|Any CPU = Debug|Any CPU
		Release|Any CPU = Release|Any CPU
	EndGlobalSection
	GlobalSection(ProjectConfigurationPlatforms) = postSolution
		{1BA8F3AA-4B80-4C7A-A2AC-9AEDB0B298B0}.Debug|Any CPU.ActiveCfg = Debug|Any CPU
		{1BA8F3AA-4B80-4C7A-A2AC-9AEDB0B298B0}.Debug|Any CPU.Build.0 = Debug|Any CPU
		{1BA8F3AA-4B80-4C7A-A2AC-9AEDB0B298B0}.Release|Any CPU.ActiveCfg = Release|Any CPU
		{1BA8F3AA-4B80-4C7A-A2AC-9AEDB0B298B0}.Release|Any CPU.Build.0 = Release|Any CPU
	EndGlobalSection
	GlobalSection(SolutionProperties) = preSolution
		HideSolutionNode = FALSE
	EndGlobalSection
	GlobalSection(ExtensibilityGlobals) = postSolution
		SolutionGuid = {206D6FBB-284A-4783-A3E0-15881848C40A}
	EndGlobalSection
EndGlobal
